<Solution>
  <Project Path="../TypeShim.Generator/TypeShim.Generator.csproj" />
  <Project Path="../TypeShim/TypeShim.csproj" />
  <Project Path="TypeShim.Sample.Server/TypeShim.Sample.Server.csproj" />
  <Project Path="TypeShim.Sample/TypeShim.Sample.csproj" />
  <Project Path="TypeShim.Sample.Client/TypeShim.Sample.Client.esproj">
    <Build />
    <Deploy />
  </Project>
</Solution>
